<?xml version="1.0" encoding="utf-8"?>
<Project ToolsVersion="4.0" xmlns="http://schemas.microsoft.com/developer/msbuild/2003">
  <ItemGroup>
    <ClCompile Include="main.cpp" />
    <ClCompile Include="pch.cpp" />
    <ClCompile Include="Window.cpp" />
    <ClCompile Include="InputManager.cpp" />
    <ClCompile Include="App.cpp" />
    <ClCompile Include="Timer.cpp" />
    <ClCompile Include="Camera.cpp" />
    <ClCompile Include="Game.cpp" />
  </ItemGroup>
  <ItemGroup>
    <ClInclude Include="pch.h" />
    <ClInclude Include="Window.h" />
    <ClInclude Include="InputManager.h" />
    <ClInclude Include="App.h" />
    <ClInclude Include="Timer.h" />
    <ClInclude Include="Camera.h" />
    <ClInclude Include="Game.h" />
  </ItemGroup>
  <ItemGroup>
    <None Include="packages.config" />
  </ItemGroup>
</Project>