<?xml version="1.0" encoding="utf-8"?>
<Project ToolsVersion="4.0" xmlns="http://schemas.microsoft.com/developer/msbuild/2003">
  <ItemGroup>
    <None Include="packages.config" />
  </ItemGroup>
  <ItemGroup>
    <ClCompile Include="GPUDevice.cpp">
      <Filter>GPU</Filter>
    </ClCompile>
    <ClCompile Include="GPURegistry.cpp">
      <Filter>GPU</Filter>
    </ClCompile>
    <ClCompile Include="GPUBumpHeap.cpp">
      <Filter>GPU</Filter>
    </ClCompile>
    <ClCompile Include="GPUBumpBuffer.cpp">
      <Filter>GPU</Filter>
    </ClCompile>
    <ClCompile Include="JobSystem.cpp">
      <Filter>Job</Filter>
    </ClCompile>
    <ClCompile Include="JobPool.cpp">
      <Filter>Job</Filter>
    </ClCompile>
    <ClCompile Include="PCH\pch.cpp" />
    <ClCompile Include="Test\JobSystemTests.cpp">
      <Filter>Test</Filter>
    </ClCompile>
    <ClCompile Include="GLTFUtils.cpp">
      <Filter>GLTF</Filter>
    </ClCompile>
    <ClCompile Include="VirtualMemory.cpp" />
  </ItemGroup>
  <ItemGroup>
    <ClInclude Include="SimpleEvent.h" />
    <ClInclude Include="GPUDevice.h">
      <Filter>GPU</Filter>
    </ClInclude>
    <ClInclude Include="GPURegistry.h">
      <Filter>GPU</Filter>
    </ClInclude>
    <ClInclude Include="GPUBumpHeap.h">
      <Filter>GPU</Filter>
    </ClInclude>
    <ClInclude Include="GPUBumpBuffer.h">
      <Filter>GPU</Filter>
    </ClInclude>
    <ClInclude Include="Job.h">
      <Filter>Job</Filter>
    </ClInclude>
    <ClInclude Include="JobSystem.h">
      <Filter>Job</Filter>
    </ClInclude>
    <ClInclude Include="WorkStealingQueue.h">
      <Filter>Job</Filter>
    </ClInclude>
    <ClInclude Include="JobPool.h">
      <Filter>Job</Filter>
    </ClInclude>
    <ClInclude Include="SPMCQueue.h">
      <Filter>Job</Filter>
    </ClInclude>
    <ClInclude Include="PCH\pch.h" />
    <ClInclude Include="DynamicArray.h" />
    <ClInclude Include="VirtualMemory.h" />
  </ItemGroup>
  <ItemGroup>
    <Filter Include="GPU">
      <UniqueIdentifier>{bf1c35ec-30bd-40ba-8d57-606f65a877a0}</UniqueIdentifier>
    </Filter>
    <Filter Include="Job">
      <UniqueIdentifier>{596228e8-ca10-4d73-aabc-a302f9b39b60}</UniqueIdentifier>
    </Filter>
    <Filter Include="Test">
      <UniqueIdentifier>{251299a2-b7e4-411a-a0be-02a2a68eef62}</UniqueIdentifier>
    </Filter>
    <Filter Include="GLTF">
      <UniqueIdentifier>{13754d6f-35be-4c04-aa07-adec179a03bd}</UniqueIdentifier>
    </Filter>
  </ItemGroup>
</Project>