<?xml version="1.0" encoding="utf-8"?>
<Project ToolsVersion="4.0" xmlns="http://schemas.microsoft.com/developer/msbuild/2003">
  <ItemGroup>
    <None Include="packages.config" />
  </ItemGroup>
  <ItemGroup>
    <ClCompile Include="GPUDevice.cpp">
      <Filter>GPU</Filter>
    </ClCompile>
    <ClCompile Include="GPURegistry.cpp">
      <Filter>GPU</Filter>
    </ClCompile>
    <ClCompile Include="GPUBumpHeap.cpp">
      <Filter>GPU</Filter>
    </ClCompile>
    <ClCompile Include="GPUBumpBuffer.cpp">
      <Filter>GPU</Filter>
    </ClCompile>
    <ClCompile Include="JobSystem.cpp">
      <Filter>Job</Filter>
    </ClCompile>
    <ClCompile Include="Test\JobSystemTests.cpp">
      <Filter>Test</Filter>
    </ClCompile>
    <ClCompile Include="GLTFUtils.cpp">
      <Filter>GLTF</Filter>
    </ClCompile>
    <ClCompile Include="StableArena.cpp">
      <Filter>Core</Filter>
    </ClCompile>
    <ClCompile Include="VirtualMemory.cpp">
      <Filter>Core</Filter>
    </ClCompile>
    <ClCompile Include="PCH\pch.cpp">
      <Filter>PCH</Filter>
    </ClCompile>
    <ClCompile Include="FileBatch.cpp">
      <Filter>Core</Filter>
    </ClCompile>
    <ClCompile Include="Asserts.cpp">
      <Filter>Core</Filter>
    </ClCompile>
    <ClCompile Include="Job.cpp">
      <Filter>Job</Filter>
    </ClCompile>
    <ClCompile Include="FileUtils.cpp">
      <Filter>Core</Filter>
    </ClCompile>
  </ItemGroup>
  <ItemGroup>
    <ClInclude Include="SimpleEvent.h" />
    <ClInclude Include="GPUDevice.h">
      <Filter>GPU</Filter>
    </ClInclude>
    <ClInclude Include="GPURegistry.h">
      <Filter>GPU</Filter>
    </ClInclude>
    <ClInclude Include="GPUBumpHeap.h">
      <Filter>GPU</Filter>
    </ClInclude>
    <ClInclude Include="GPUBumpBuffer.h">
      <Filter>GPU</Filter>
    </ClInclude>
    <ClInclude Include="Job.h">
      <Filter>Job</Filter>
    </ClInclude>
    <ClInclude Include="JobSystem.h">
      <Filter>Job</Filter>
    </ClInclude>
    <ClInclude Include="WorkStealingQueue.h">
      <Filter>Job</Filter>
    </ClInclude>
    <ClInclude Include="SPMCQueue.h">
      <Filter>Job</Filter>
    </ClInclude>
    <ClInclude Include="StableArena.h">
      <Filter>Core</Filter>
    </ClInclude>
    <ClInclude Include="VirtualMemory.h">
      <Filter>Core</Filter>
    </ClInclude>
    <ClInclude Include="StableArray.h">
      <Filter>Core</Filter>
    </ClInclude>
    <ClInclude Include="PCH\pch.h">
      <Filter>PCH</Filter>
    </ClInclude>
    <ClInclude Include="FileBatch.h">
      <Filter>Core</Filter>
    </ClInclude>
    <ClInclude Include="Asserts.h">
      <Filter>Core</Filter>
    </ClInclude>
    <ClInclude Include="Timer.h">
      <Filter>Core</Filter>
    </ClInclude>
    <ClInclude Include="TempAllocator.h">
      <Filter>Core</Filter>
    </ClInclude>
    <ClInclude Include="FileUtils.h">
      <Filter>Core</Filter>
    </ClInclude>
    <ClInclude Include="Scene.h">
      <Filter>Asset</Filter>
    </ClInclude>
    <ClInclude Include="ScenePackage.h">
      <Filter>Asset</Filter>
    </ClInclude>
    <ClInclude Include="AssetPool.h">
      <Filter>Asset</Filter>
    </ClInclude>
    <ClInclude Include="Material.h">
      <Filter>Asset</Filter>
    </ClInclude>
    <ClInclude Include="Geometry.h">
      <Filter>Asset</Filter>
    </ClInclude>
  </ItemGroup>
  <ItemGroup>
    <Filter Include="GPU">
      <UniqueIdentifier>{bf1c35ec-30bd-40ba-8d57-606f65a877a0}</UniqueIdentifier>
    </Filter>
    <Filter Include="Job">
      <UniqueIdentifier>{596228e8-ca10-4d73-aabc-a302f9b39b60}</UniqueIdentifier>
    </Filter>
    <Filter Include="Test">
      <UniqueIdentifier>{251299a2-b7e4-411a-a0be-02a2a68eef62}</UniqueIdentifier>
    </Filter>
    <Filter Include="GLTF">
      <UniqueIdentifier>{13754d6f-35be-4c04-aa07-adec179a03bd}</UniqueIdentifier>
    </Filter>
    <Filter Include="Core">
      <UniqueIdentifier>{6b9832df-0f08-4928-bd05-030d792ede32}</UniqueIdentifier>
    </Filter>
    <Filter Include="PCH">
      <UniqueIdentifier>{041cda9c-4229-499b-b5a2-b9b2f7554058}</UniqueIdentifier>
    </Filter>
    <Filter Include="Asset">
      <UniqueIdentifier>{ebe47891-958b-4591-b342-475cfbaa18bf}</UniqueIdentifier>
    </Filter>
  </ItemGroup>
</Project>